// !$*UTF8*$!
{
	archiveVersion = 1;
	classes = {
	};
	objectVersion = 46;
	objects = {

/* Begin PBXBuildFile section */
		065935699D66AEDE86597D55 /* Pods_pseudogram.framework in Frameworks */ = {isa = PBXBuildFile; fileRef = 5585A9AA0B85705F1FAB6FD2 /* Pods_pseudogram.framework */; };
		41348E3D419B2F7D44E3CE27 /* Pods_pseudogramTests.framework in Frameworks */ = {isa = PBXBuildFile; fileRef = E9C80B054C23BF28FDDF61D5 /* Pods_pseudogramTests.framework */; };
		BE288B0DF5B2F72782548C19 /* Pods_pseudogramUITests.framework in Frameworks */ = {isa = PBXBuildFile; fileRef = 5BB1CBFB68060D41D4E22AB6 /* Pods_pseudogramUITests.framework */; };
		C120FC421E7FDAC800EDBF54 /* MainViewController.swift in Sources */ = {isa = PBXBuildFile; fileRef = C120FC411E7FDAC800EDBF54 /* MainViewController.swift */; };
		C120FC441E80571400EDBF54 /* PostViewController.swift in Sources */ = {isa = PBXBuildFile; fileRef = C120FC431E80571400EDBF54 /* PostViewController.swift */; };
		C120FC481E80F15200EDBF54 /* postViewCell.swift in Sources */ = {isa = PBXBuildFile; fileRef = C120FC471E80F15200EDBF54 /* postViewCell.swift */; };
		C1447DBB1E7B32A300BD631F /* AppDelegate.swift in Sources */ = {isa = PBXBuildFile; fileRef = C1447DBA1E7B32A300BD631F /* AppDelegate.swift */; };
		C1447DBD1E7B32A300BD631F /* ViewController.swift in Sources */ = {isa = PBXBuildFile; fileRef = C1447DBC1E7B32A300BD631F /* ViewController.swift */; };
		C1447DC01E7B32A300BD631F /* Main.storyboard in Resources */ = {isa = PBXBuildFile; fileRef = C1447DBE1E7B32A300BD631F /* Main.storyboard */; };
		C1447DC21E7B32A300BD631F /* Assets.xcassets in Resources */ = {isa = PBXBuildFile; fileRef = C1447DC11E7B32A300BD631F /* Assets.xcassets */; };
		C1447DC51E7B32A300BD631F /* LaunchScreen.storyboard in Resources */ = {isa = PBXBuildFile; fileRef = C1447DC31E7B32A300BD631F /* LaunchScreen.storyboard */; };
		C1447DD01E7B32A400BD631F /* pseudogramTests.swift in Sources */ = {isa = PBXBuildFile; fileRef = C1447DCF1E7B32A400BD631F /* pseudogramTests.swift */; };
		C1447DDB1E7B32A400BD631F /* pseudogramUITests.swift in Sources */ = {isa = PBXBuildFile; fileRef = C1447DDA1E7B32A400BD631F /* pseudogramUITests.swift */; };
/* End PBXBuildFile section */

/* Begin PBXContainerItemProxy section */
		C1447DCC1E7B32A400BD631F /* PBXContainerItemProxy */ = {
			isa = PBXContainerItemProxy;
			containerPortal = C1447DAF1E7B32A300BD631F /* Project object */;
			proxyType = 1;
			remoteGlobalIDString = C1447DB61E7B32A300BD631F;
			remoteInfo = pseudogram;
		};
		C1447DD71E7B32A400BD631F /* PBXContainerItemProxy */ = {
			isa = PBXContainerItemProxy;
			containerPortal = C1447DAF1E7B32A300BD631F /* Project object */;
			proxyType = 1;
			remoteGlobalIDString = C1447DB61E7B32A300BD631F;
			remoteInfo = pseudogram;
		};
/* End PBXContainerItemProxy section */

/* Begin PBXFileReference section */
		2F580B07AA3359EE14FFFE3C /* Pods-pseudogram.debug.xcconfig */ = {isa = PBXFileReference; includeInIndex = 1; lastKnownFileType = text.xcconfig; name = "Pods-pseudogram.debug.xcconfig"; path = "Pods/Target Support Files/Pods-pseudogram/Pods-pseudogram.debug.xcconfig"; sourceTree = "<group>"; };
		3B3A7E44EDFEE2CA8FD63685 /* Pods-pseudogramTests.release.xcconfig */ = {isa = PBXFileReference; includeInIndex = 1; lastKnownFileType = text.xcconfig; name = "Pods-pseudogramTests.release.xcconfig"; path = "Pods/Target Support Files/Pods-pseudogramTests/Pods-pseudogramTests.release.xcconfig"; sourceTree = "<group>"; };
		5585A9AA0B85705F1FAB6FD2 /* Pods_pseudogram.framework */ = {isa = PBXFileReference; explicitFileType = wrapper.framework; includeInIndex = 0; path = Pods_pseudogram.framework; sourceTree = BUILT_PRODUCTS_DIR; };
		5BB1CBFB68060D41D4E22AB6 /* Pods_pseudogramUITests.framework */ = {isa = PBXFileReference; explicitFileType = wrapper.framework; includeInIndex = 0; path = Pods_pseudogramUITests.framework; sourceTree = BUILT_PRODUCTS_DIR; };
		9306BA39C7ADB750F2D5D2E1 /* Pods-pseudogramUITests.release.xcconfig */ = {isa = PBXFileReference; includeInIndex = 1; lastKnownFileType = text.xcconfig; name = "Pods-pseudogramUITests.release.xcconfig"; path = "Pods/Target Support Files/Pods-pseudogramUITests/Pods-pseudogramUITests.release.xcconfig"; sourceTree = "<group>"; };
		A768F6FB01AAECA4E9691622 /* Pods-pseudogram.release.xcconfig */ = {isa = PBXFileReference; includeInIndex = 1; lastKnownFileType = text.xcconfig; name = "Pods-pseudogram.release.xcconfig"; path = "Pods/Target Support Files/Pods-pseudogram/Pods-pseudogram.release.xcconfig"; sourceTree = "<group>"; };
		C120FC411E7FDAC800EDBF54 /* MainViewController.swift */ = {isa = PBXFileReference; fileEncoding = 4; lastKnownFileType = sourcecode.swift; path = MainViewController.swift; sourceTree = "<group>"; };
		C120FC431E80571400EDBF54 /* PostViewController.swift */ = {isa = PBXFileReference; fileEncoding = 4; lastKnownFileType = sourcecode.swift; path = PostViewController.swift; sourceTree = "<group>"; };
		C120FC471E80F15200EDBF54 /* postViewCell.swift */ = {isa = PBXFileReference; fileEncoding = 4; lastKnownFileType = sourcecode.swift; path = postViewCell.swift; sourceTree = "<group>"; };
		C1447DB71E7B32A300BD631F /* pseudogram.app */ = {isa = PBXFileReference; explicitFileType = wrapper.application; includeInIndex = 0; path = pseudogram.app; sourceTree = BUILT_PRODUCTS_DIR; };
		C1447DBA1E7B32A300BD631F /* AppDelegate.swift */ = {isa = PBXFileReference; lastKnownFileType = sourcecode.swift; path = AppDelegate.swift; sourceTree = "<group>"; };
		C1447DBC1E7B32A300BD631F /* ViewController.swift */ = {isa = PBXFileReference; lastKnownFileType = sourcecode.swift; path = ViewController.swift; sourceTree = "<group>"; };
		C1447DBF1E7B32A300BD631F /* Base */ = {isa = PBXFileReference; lastKnownFileType = file.storyboard; name = Base; path = Base.lproj/Main.storyboard; sourceTree = "<group>"; };
		C1447DC11E7B32A300BD631F /* Assets.xcassets */ = {isa = PBXFileReference; lastKnownFileType = folder.assetcatalog; path = Assets.xcassets; sourceTree = "<group>"; };
		C1447DC41E7B32A300BD631F /* Base */ = {isa = PBXFileReference; lastKnownFileType = file.storyboard; name = Base; path = Base.lproj/LaunchScreen.storyboard; sourceTree = "<group>"; };
		C1447DC61E7B32A300BD631F /* Info.plist */ = {isa = PBXFileReference; lastKnownFileType = text.plist.xml; path = Info.plist; sourceTree = "<group>"; };
		C1447DCB1E7B32A400BD631F /* pseudogramTests.xctest */ = {isa = PBXFileReference; explicitFileType = wrapper.cfbundle; includeInIndex = 0; path = pseudogramTests.xctest; sourceTree = BUILT_PRODUCTS_DIR; };
		C1447DCF1E7B32A400BD631F /* pseudogramTests.swift */ = {isa = PBXFileReference; lastKnownFileType = sourcecode.swift; path = pseudogramTests.swift; sourceTree = "<group>"; };
		C1447DD11E7B32A400BD631F /* Info.plist */ = {isa = PBXFileReference; lastKnownFileType = text.plist.xml; path = Info.plist; sourceTree = "<group>"; };
		C1447DD61E7B32A400BD631F /* pseudogramUITests.xctest */ = {isa = PBXFileReference; explicitFileType = wrapper.cfbundle; includeInIndex = 0; path = pseudogramUITests.xctest; sourceTree = BUILT_PRODUCTS_DIR; };
		C1447DDA1E7B32A400BD631F /* pseudogramUITests.swift */ = {isa = PBXFileReference; lastKnownFileType = sourcecode.swift; path = pseudogramUITests.swift; sourceTree = "<group>"; };
		C1447DDC1E7B32A400BD631F /* Info.plist */ = {isa = PBXFileReference; lastKnownFileType = text.plist.xml; path = Info.plist; sourceTree = "<group>"; };
		CC58A63D10ED9B3E776371ED /* Pods-pseudogramTests.debug.xcconfig */ = {isa = PBXFileReference; includeInIndex = 1; lastKnownFileType = text.xcconfig; name = "Pods-pseudogramTests.debug.xcconfig"; path = "Pods/Target Support Files/Pods-pseudogramTests/Pods-pseudogramTests.debug.xcconfig"; sourceTree = "<group>"; };
		D01394FC3CB3E6C188CAB597 /* Pods-pseudogramUITests.debug.xcconfig */ = {isa = PBXFileReference; includeInIndex = 1; lastKnownFileType = text.xcconfig; name = "Pods-pseudogramUITests.debug.xcconfig"; path = "Pods/Target Support Files/Pods-pseudogramUITests/Pods-pseudogramUITests.debug.xcconfig"; sourceTree = "<group>"; };
		E9C80B054C23BF28FDDF61D5 /* Pods_pseudogramTests.framework */ = {isa = PBXFileReference; explicitFileType = wrapper.framework; includeInIndex = 0; path = Pods_pseudogramTests.framework; sourceTree = BUILT_PRODUCTS_DIR; };
/* End PBXFileReference section */

/* Begin PBXFrameworksBuildPhase section */
		C1447DB41E7B32A300BD631F /* Frameworks */ = {
			isa = PBXFrameworksBuildPhase;
			buildActionMask = 2147483647;
			files = (
				065935699D66AEDE86597D55 /* Pods_pseudogram.framework in Frameworks */,
			);
			runOnlyForDeploymentPostprocessing = 0;
		};
		C1447DC81E7B32A400BD631F /* Frameworks */ = {
			isa = PBXFrameworksBuildPhase;
			buildActionMask = 2147483647;
			files = (
				41348E3D419B2F7D44E3CE27 /* Pods_pseudogramTests.framework in Frameworks */,
			);
			runOnlyForDeploymentPostprocessing = 0;
		};
		C1447DD31E7B32A400BD631F /* Frameworks */ = {
			isa = PBXFrameworksBuildPhase;
			buildActionMask = 2147483647;
			files = (
				BE288B0DF5B2F72782548C19 /* Pods_pseudogramUITests.framework in Frameworks */,
			);
			runOnlyForDeploymentPostprocessing = 0;
		};
/* End PBXFrameworksBuildPhase section */

/* Begin PBXGroup section */
		5D283841C1C92B2DF622D6AC /* Pods */ = {
			isa = PBXGroup;
			children = (
				2F580B07AA3359EE14FFFE3C /* Pods-pseudogram.debug.xcconfig */,
				A768F6FB01AAECA4E9691622 /* Pods-pseudogram.release.xcconfig */,
				CC58A63D10ED9B3E776371ED /* Pods-pseudogramTests.debug.xcconfig */,
				3B3A7E44EDFEE2CA8FD63685 /* Pods-pseudogramTests.release.xcconfig */,
				D01394FC3CB3E6C188CAB597 /* Pods-pseudogramUITests.debug.xcconfig */,
				9306BA39C7ADB750F2D5D2E1 /* Pods-pseudogramUITests.release.xcconfig */,
			);
			name = Pods;
			sourceTree = "<group>";
		};
		C1447DAE1E7B32A300BD631F = {
			isa = PBXGroup;
			children = (
				C1447DB91E7B32A300BD631F /* pseudogram */,
				C1447DCE1E7B32A400BD631F /* pseudogramTests */,
				C1447DD91E7B32A400BD631F /* pseudogramUITests */,
				C1447DB81E7B32A300BD631F /* Products */,
				5D283841C1C92B2DF622D6AC /* Pods */,
				D48C867ECBF11F181BB6B21C /* Frameworks */,
			);
			sourceTree = "<group>";
		};
		C1447DB81E7B32A300BD631F /* Products */ = {
			isa = PBXGroup;
			children = (
				C1447DB71E7B32A300BD631F /* pseudogram.app */,
				C1447DCB1E7B32A400BD631F /* pseudogramTests.xctest */,
				C1447DD61E7B32A400BD631F /* pseudogramUITests.xctest */,
			);
			name = Products;
			sourceTree = "<group>";
		};
		C1447DB91E7B32A300BD631F /* pseudogram */ = {
			isa = PBXGroup;
			children = (
				C1447DBA1E7B32A300BD631F /* AppDelegate.swift */,
				C1447DBC1E7B32A300BD631F /* ViewController.swift */,
				C1447DBE1E7B32A300BD631F /* Main.storyboard */,
				C120FC471E80F15200EDBF54 /* postViewCell.swift */,
				C120FC431E80571400EDBF54 /* PostViewController.swift */,
				C120FC411E7FDAC800EDBF54 /* MainViewController.swift */,
				C1447DC11E7B32A300BD631F /* Assets.xcassets */,
				C1447DC31E7B32A300BD631F /* LaunchScreen.storyboard */,
				C1447DC61E7B32A300BD631F /* Info.plist */,
			);
			path = pseudogram;
			sourceTree = "<group>";
		};
		C1447DCE1E7B32A400BD631F /* pseudogramTests */ = {
			isa = PBXGroup;
			children = (
				C1447DCF1E7B32A400BD631F /* pseudogramTests.swift */,
				C1447DD11E7B32A400BD631F /* Info.plist */,
			);
			path = pseudogramTests;
			sourceTree = "<group>";
		};
		C1447DD91E7B32A400BD631F /* pseudogramUITests */ = {
			isa = PBXGroup;
			children = (
				C1447DDA1E7B32A400BD631F /* pseudogramUITests.swift */,
				C1447DDC1E7B32A400BD631F /* Info.plist */,
			);
			path = pseudogramUITests;
			sourceTree = "<group>";
		};
		D48C867ECBF11F181BB6B21C /* Frameworks */ = {
			isa = PBXGroup;
			children = (
				5585A9AA0B85705F1FAB6FD2 /* Pods_pseudogram.framework */,
				E9C80B054C23BF28FDDF61D5 /* Pods_pseudogramTests.framework */,
				5BB1CBFB68060D41D4E22AB6 /* Pods_pseudogramUITests.framework */,
			);
			name = Frameworks;
			sourceTree = "<group>";
		};
/* End PBXGroup section */

/* Begin PBXNativeTarget section */
		C1447DB61E7B32A300BD631F /* pseudogram */ = {
			isa = PBXNativeTarget;
			buildConfigurationList = C1447DDF1E7B32A400BD631F /* Build configuration list for PBXNativeTarget "pseudogram" */;
			buildPhases = (
				319D47B32817C4F1272FAA1D /* [CP] Check Pods Manifest.lock */,
				C1447DB31E7B32A300BD631F /* Sources */,
				C1447DB41E7B32A300BD631F /* Frameworks */,
				C1447DB51E7B32A300BD631F /* Resources */,
				7515B586CAD631F65923C596 /* [CP] Embed Pods Frameworks */,
				BEA185863547DF8565BC389C /* [CP] Copy Pods Resources */,
			);
			buildRules = (
			);
			dependencies = (
			);
			name = pseudogram;
			productName = pseudogram;
			productReference = C1447DB71E7B32A300BD631F /* pseudogram.app */;
			productType = "com.apple.product-type.application";
		};
		C1447DCA1E7B32A400BD631F /* pseudogramTests */ = {
			isa = PBXNativeTarget;
			buildConfigurationList = C1447DE21E7B32A400BD631F /* Build configuration list for PBXNativeTarget "pseudogramTests" */;
			buildPhases = (
				D199212C40904E74891DC6D5 /* [CP] Check Pods Manifest.lock */,
				C1447DC71E7B32A400BD631F /* Sources */,
				C1447DC81E7B32A400BD631F /* Frameworks */,
				C1447DC91E7B32A400BD631F /* Resources */,
				9C0D228D7F62B59B6B205AB8 /* [CP] Embed Pods Frameworks */,
				D3A75431F02CC8BD564619DF /* [CP] Copy Pods Resources */,
			);
			buildRules = (
			);
			dependencies = (
				C1447DCD1E7B32A400BD631F /* PBXTargetDependency */,
			);
			name = pseudogramTests;
			productName = pseudogramTests;
			productReference = C1447DCB1E7B32A400BD631F /* pseudogramTests.xctest */;
			productType = "com.apple.product-type.bundle.unit-test";
		};
		C1447DD51E7B32A400BD631F /* pseudogramUITests */ = {
			isa = PBXNativeTarget;
			buildConfigurationList = C1447DE51E7B32A400BD631F /* Build configuration list for PBXNativeTarget "pseudogramUITests" */;
			buildPhases = (
				1A32363917871D3A82138600 /* [CP] Check Pods Manifest.lock */,
				C1447DD21E7B32A400BD631F /* Sources */,
				C1447DD31E7B32A400BD631F /* Frameworks */,
				C1447DD41E7B32A400BD631F /* Resources */,
				412C06C7DF21514BB050DBD4 /* [CP] Embed Pods Frameworks */,
				7C2F60849B3C9D25C16EE34F /* [CP] Copy Pods Resources */,
			);
			buildRules = (
			);
			dependencies = (
				C1447DD81E7B32A400BD631F /* PBXTargetDependency */,
			);
			name = pseudogramUITests;
			productName = pseudogramUITests;
			productReference = C1447DD61E7B32A400BD631F /* pseudogramUITests.xctest */;
			productType = "com.apple.product-type.bundle.ui-testing";
		};
/* End PBXNativeTarget section */

/* Begin PBXProject section */
		C1447DAF1E7B32A300BD631F /* Project object */ = {
			isa = PBXProject;
			attributes = {
				LastSwiftUpdateCheck = 0820;
				LastUpgradeCheck = 0820;
				ORGANIZATIONNAME = fer;
				TargetAttributes = {
					C1447DB61E7B32A300BD631F = {
						CreatedOnToolsVersion = 8.2.1;
						ProvisioningStyle = Automatic;
					};
					C1447DCA1E7B32A400BD631F = {
						CreatedOnToolsVersion = 8.2.1;
						ProvisioningStyle = Automatic;
						TestTargetID = C1447DB61E7B32A300BD631F;
					};
					C1447DD51E7B32A400BD631F = {
						CreatedOnToolsVersion = 8.2.1;
						ProvisioningStyle = Automatic;
						TestTargetID = C1447DB61E7B32A300BD631F;
					};
				};
			};
			buildConfigurationList = C1447DB21E7B32A300BD631F /* Build configuration list for PBXProject "pseudogram" */;
			compatibilityVersion = "Xcode 3.2";
			developmentRegion = English;
			hasScannedForEncodings = 0;
			knownRegions = (
				en,
				Base,
			);
			mainGroup = C1447DAE1E7B32A300BD631F;
			productRefGroup = C1447DB81E7B32A300BD631F /* Products */;
			projectDirPath = "";
			projectRoot = "";
			targets = (
				C1447DB61E7B32A300BD631F /* pseudogram */,
				C1447DCA1E7B32A400BD631F /* pseudogramTests */,
				C1447DD51E7B32A400BD631F /* pseudogramUITests */,
			);
		};
/* End PBXProject section */

/* Begin PBXResourcesBuildPhase section */
		C1447DB51E7B32A300BD631F /* Resources */ = {
			isa = PBXResourcesBuildPhase;
			buildActionMask = 2147483647;
			files = (
				C1447DC51E7B32A300BD631F /* LaunchScreen.storyboard in Resources */,
				C1447DC21E7B32A300BD631F /* Assets.xcassets in Resources */,
				C1447DC01E7B32A300BD631F /* Main.storyboard in Resources */,
			);
			runOnlyForDeploymentPostprocessing = 0;
		};
		C1447DC91E7B32A400BD631F /* Resources */ = {
			isa = PBXResourcesBuildPhase;
			buildActionMask = 2147483647;
			files = (
			);
			runOnlyForDeploymentPostprocessing = 0;
		};
		C1447DD41E7B32A400BD631F /* Resources */ = {
			isa = PBXResourcesBuildPhase;
			buildActionMask = 2147483647;
			files = (
			);
			runOnlyForDeploymentPostprocessing = 0;
		};
/* End PBXResourcesBuildPhase section */

/* Begin PBXShellScriptBuildPhase section */
		1A32363917871D3A82138600 /* [CP] Check Pods Manifest.lock */ = {
			isa = PBXShellScriptBuildPhase;
			buildActionMask = 2147483647;
			files = (
			);
			inputPaths = (
			);
			name = "[CP] Check Pods Manifest.lock";
			outputPaths = (
			);
			runOnlyForDeploymentPostprocessing = 0;
			shellPath = /bin/sh;
			shellScript = "diff \"${PODS_ROOT}/../Podfile.lock\" \"${PODS_ROOT}/Manifest.lock\" > /dev/null\nif [ $? != 0 ] ; then\n    # print error to STDERR\n    echo \"error: The sandbox is not in sync with the Podfile.lock. Run 'pod install' or update your CocoaPods installation.\" >&2\n    exit 1\nfi\n";
			showEnvVarsInLog = 0;
		};
		319D47B32817C4F1272FAA1D /* [CP] Check Pods Manifest.lock */ = {
			isa = PBXShellScriptBuildPhase;
			buildActionMask = 2147483647;
			files = (
			);
			inputPaths = (
			);
			name = "[CP] Check Pods Manifest.lock";
			outputPaths = (
			);
			runOnlyForDeploymentPostprocessing = 0;
			shellPath = /bin/sh;
			shellScript = "diff \"${PODS_ROOT}/../Podfile.lock\" \"${PODS_ROOT}/Manifest.lock\" > /dev/null\nif [ $? != 0 ] ; then\n    # print error to STDERR\n    echo \"error: The sandbox is not in sync with the Podfile.lock. Run 'pod install' or update your CocoaPods installation.\" >&2\n    exit 1\nfi\n";
			showEnvVarsInLog = 0;
		};
		412C06C7DF21514BB050DBD4 /* [CP] Embed Pods Frameworks */ = {
			isa = PBXShellScriptBuildPhase;
			buildActionMask = 2147483647;
			files = (
			);
			inputPaths = (
			);
			name = "[CP] Embed Pods Frameworks";
			outputPaths = (
			);
			runOnlyForDeploymentPostprocessing = 0;
			shellPath = /bin/sh;
			shellScript = "\"${SRCROOT}/Pods/Target Support Files/Pods-pseudogramUITests/Pods-pseudogramUITests-frameworks.sh\"\n";
			showEnvVarsInLog = 0;
		};
		7515B586CAD631F65923C596 /* [CP] Embed Pods Frameworks */ = {
			isa = PBXShellScriptBuildPhase;
			buildActionMask = 2147483647;
			files = (
			);
			inputPaths = (
			);
			name = "[CP] Embed Pods Frameworks";
			outputPaths = (
			);
			runOnlyForDeploymentPostprocessing = 0;
			shellPath = /bin/sh;
			shellScript = "\"${SRCROOT}/Pods/Target Support Files/Pods-pseudogram/Pods-pseudogram-frameworks.sh\"\n";
			showEnvVarsInLog = 0;
		};
		7C2F60849B3C9D25C16EE34F /* [CP] Copy Pods Resources */ = {
			isa = PBXShellScriptBuildPhase;
			buildActionMask = 2147483647;
			files = (
			);
			inputPaths = (
			);
			name = "[CP] Copy Pods Resources";
			outputPaths = (
			);
			runOnlyForDeploymentPostprocessing = 0;
			shellPath = /bin/sh;
			shellScript = "\"${SRCROOT}/Pods/Target Support Files/Pods-pseudogramUITests/Pods-pseudogramUITests-resources.sh\"\n";
			showEnvVarsInLog = 0;
		};
		9C0D228D7F62B59B6B205AB8 /* [CP] Embed Pods Frameworks */ = {
			isa = PBXShellScriptBuildPhase;
			buildActionMask = 2147483647;
			files = (
			);
			inputPaths = (
			);
			name = "[CP] Embed Pods Frameworks";
			outputPaths = (
			);
			runOnlyForDeploymentPostprocessing = 0;
			shellPath = /bin/sh;
			shellScript = "\"${SRCROOT}/Pods/Target Support Files/Pods-pseudogramTests/Pods-pseudogramTests-frameworks.sh\"\n";
			showEnvVarsInLog = 0;
		};
		BEA185863547DF8565BC389C /* [CP] Copy Pods Resources */ = {
			isa = PBXShellScriptBuildPhase;
			buildActionMask = 2147483647;
			files = (
			);
			inputPaths = (
			);
			name = "[CP] Copy Pods Resources";
			outputPaths = (
			);
			runOnlyForDeploymentPostprocessing = 0;
			shellPath = /bin/sh;
			shellScript = "\"${SRCROOT}/Pods/Target Support Files/Pods-pseudogram/Pods-pseudogram-resources.sh\"\n";
			showEnvVarsInLog = 0;
		};
		D199212C40904E74891DC6D5 /* [CP] Check Pods Manifest.lock */ = {
			isa = PBXShellScriptBuildPhase;
			buildActionMask = 2147483647;
			files = (
			);
			inputPaths = (
			);
			name = "[CP] Check Pods Manifest.lock";
			outputPaths = (
			);
			runOnlyForDeploymentPostprocessing = 0;
			shellPath = /bin/sh;
			shellScript = "diff \"${PODS_ROOT}/../Podfile.lock\" \"${PODS_ROOT}/Manifest.lock\" > /dev/null\nif [ $? != 0 ] ; then\n    # print error to STDERR\n    echo \"error: The sandbox is not in sync with the Podfile.lock. Run 'pod install' or update your CocoaPods installation.\" >&2\n    exit 1\nfi\n";
			showEnvVarsInLog = 0;
		};
		D3A75431F02CC8BD564619DF /* [CP] Copy Pods Resources */ = {
			isa = PBXShellScriptBuildPhase;
			buildActionMask = 2147483647;
			files = (
			);
			inputPaths = (
			);
			name = "[CP] Copy Pods Resources";
			outputPaths = (
			);
			runOnlyForDeploymentPostprocessing = 0;
			shellPath = /bin/sh;
			shellScript = "\"${SRCROOT}/Pods/Target Support Files/Pods-pseudogramTests/Pods-pseudogramTests-resources.sh\"\n";
			showEnvVarsInLog = 0;
		};
/* End PBXShellScriptBuildPhase section */

/* Begin PBXSourcesBuildPhase section */
		C1447DB31E7B32A300BD631F /* Sources */ = {
			isa = PBXSourcesBuildPhase;
			buildActionMask = 2147483647;
			files = (
				C120FC441E80571400EDBF54 /* PostViewController.swift in Sources */,
				C120FC421E7FDAC800EDBF54 /* MainViewController.swift in Sources */,
				C1447DBD1E7B32A300BD631F /* ViewController.swift in Sources */,
				C1447DBB1E7B32A300BD631F /* AppDelegate.swift in Sources */,
				C120FC481E80F15200EDBF54 /* postViewCell.swift in Sources */,
			);
			runOnlyForDeploymentPostprocessing = 0;
		};
		C1447DC71E7B32A400BD631F /* Sources */ = {
			isa = PBXSourcesBuildPhase;
			buildActionMask = 2147483647;
			files = (
				C1447DD01E7B32A400BD631F /* pseudogramTests.swift in Sources */,
			);
			runOnlyForDeploymentPostprocessing = 0;
		};
		C1447DD21E7B32A400BD631F /* Sources */ = {
			isa = PBXSourcesBuildPhase;
			buildActionMask = 2147483647;
			files = (
				C1447DDB1E7B32A400BD631F /* pseudogramUITests.swift in Sources */,
			);
			runOnlyForDeploymentPostprocessing = 0;
		};
/* End PBXSourcesBuildPhase section */

/* Begin PBXTargetDependency section */
		C1447DCD1E7B32A400BD631F /* PBXTargetDependency */ = {
			isa = PBXTargetDependency;
			target = C1447DB61E7B32A300BD631F /* pseudogram */;
			targetProxy = C1447DCC1E7B32A400BD631F /* PBXContainerItemProxy */;
		};
		C1447DD81E7B32A400BD631F /* PBXTargetDependency */ = {
			isa = PBXTargetDependency;
			target = C1447DB61E7B32A300BD631F /* pseudogram */;
			targetProxy = C1447DD71E7B32A400BD631F /* PBXContainerItemProxy */;
		};
/* End PBXTargetDependency section */

/* Begin PBXVariantGroup section */
		C1447DBE1E7B32A300BD631F /* Main.storyboard */ = {
			isa = PBXVariantGroup;
			children = (
				C1447DBF1E7B32A300BD631F /* Base */,
			);
			name = Main.storyboard;
			sourceTree = "<group>";
		};
		C1447DC31E7B32A300BD631F /* LaunchScreen.storyboard */ = {
			isa = PBXVariantGroup;
			children = (
				C1447DC41E7B32A300BD631F /* Base */,
			);
			name = LaunchScreen.storyboard;
			sourceTree = "<group>";
		};
/* End PBXVariantGroup section */

/* Begin XCBuildConfiguration section */
		C1447DDD1E7B32A400BD631F /* Debug */ = {
			isa = XCBuildConfiguration;
			buildSettings = {
				ALWAYS_SEARCH_USER_PATHS = NO;
				CLANG_ANALYZER_NONNULL = YES;
				CLANG_CXX_LANGUAGE_STANDARD = "gnu++0x";
				CLANG_CXX_LIBRARY = "libc++";
				CLANG_ENABLE_MODULES = YES;
				CLANG_ENABLE_OBJC_ARC = YES;
				CLANG_WARN_BOOL_CONVERSION = YES;
				CLANG_WARN_CONSTANT_CONVERSION = YES;
				CLANG_WARN_DIRECT_OBJC_ISA_USAGE = YES_ERROR;
				CLANG_WARN_DOCUMENTATION_COMMENTS = YES;
				CLANG_WARN_EMPTY_BODY = YES;
				CLANG_WARN_ENUM_CONVERSION = YES;
				CLANG_WARN_INFINITE_RECURSION = YES;
				CLANG_WARN_INT_CONVERSION = YES;
				CLANG_WARN_OBJC_ROOT_CLASS = YES_ERROR;
				CLANG_WARN_SUSPICIOUS_MOVE = YES;
				CLANG_WARN_UNREACHABLE_CODE = YES;
				CLANG_WARN__DUPLICATE_METHOD_MATCH = YES;
				"CODE_SIGN_IDENTITY[sdk=iphoneos*]" = "iPhone Developer";
				COPY_PHASE_STRIP = NO;
				DEBUG_INFORMATION_FORMAT = dwarf;
				ENABLE_STRICT_OBJC_MSGSEND = YES;
				ENABLE_TESTABILITY = YES;
				GCC_C_LANGUAGE_STANDARD = gnu99;
				GCC_DYNAMIC_NO_PIC = NO;
				GCC_NO_COMMON_BLOCKS = YES;
				GCC_OPTIMIZATION_LEVEL = 0;
				GCC_PREPROCESSOR_DEFINITIONS = (
					"DEBUG=1",
					"$(inherited)",
				);
				GCC_WARN_64_TO_32_BIT_CONVERSION = YES;
				GCC_WARN_ABOUT_RETURN_TYPE = YES_ERROR;
				GCC_WARN_UNDECLARED_SELECTOR = YES;
				GCC_WARN_UNINITIALIZED_AUTOS = YES_AGGRESSIVE;
				GCC_WARN_UNUSED_FUNCTION = YES;
				GCC_WARN_UNUSED_VARIABLE = YES;
				IPHONEOS_DEPLOYMENT_TARGET = 10.2;
				MTL_ENABLE_DEBUG_INFO = YES;
				ONLY_ACTIVE_ARCH = YES;
				SDKROOT = iphoneos;
				SWIFT_ACTIVE_COMPILATION_CONDITIONS = DEBUG;
				SWIFT_OPTIMIZATION_LEVEL = "-Onone";
				TARGETED_DEVICE_FAMILY = "1,2";
			};
			name = Debug;
		};
		C1447DDE1E7B32A400BD631F /* Release */ = {
			isa = XCBuildConfiguration;
			buildSettings = {
				ALWAYS_SEARCH_USER_PATHS = NO;
				CLANG_ANALYZER_NONNULL = YES;
				CLANG_CXX_LANGUAGE_STANDARD = "gnu++0x";
				CLANG_CXX_LIBRARY = "libc++";
				CLANG_ENABLE_MODULES = YES;
				CLANG_ENABLE_OBJC_ARC = YES;
				CLANG_WARN_BOOL_CONVERSION = YES;
				CLANG_WARN_CONSTANT_CONVERSION = YES;
				CLANG_WARN_DIRECT_OBJC_ISA_USAGE = YES_ERROR;
				CLANG_WARN_DOCUMENTATION_COMMENTS = YES;
				CLANG_WARN_EMPTY_BODY = YES;
				CLANG_WARN_ENUM_CONVERSION = YES;
				CLANG_WARN_INFINITE_RECURSION = YES;
				CLANG_WARN_INT_CONVERSION = YES;
				CLANG_WARN_OBJC_ROOT_CLASS = YES_ERROR;
				CLANG_WARN_SUSPICIOUS_MOVE = YES;
				CLANG_WARN_UNREACHABLE_CODE = YES;
				CLANG_WARN__DUPLICATE_METHOD_MATCH = YES;
				"CODE_SIGN_IDENTITY[sdk=iphoneos*]" = "iPhone Developer";
				COPY_PHASE_STRIP = NO;
				DEBUG_INFORMATION_FORMAT = "dwarf-with-dsym";
				ENABLE_NS_ASSERTIONS = NO;
				ENABLE_STRICT_OBJC_MSGSEND = YES;
				GCC_C_LANGUAGE_STANDARD = gnu99;
				GCC_NO_COMMON_BLOCKS = YES;
				GCC_WARN_64_TO_32_BIT_CONVERSION = YES;
				GCC_WARN_ABOUT_RETURN_TYPE = YES_ERROR;
				GCC_WARN_UNDECLARED_SELECTOR = YES;
				GCC_WARN_UNINITIALIZED_AUTOS = YES_AGGRESSIVE;
				GCC_WARN_UNUSED_FUNCTION = YES;
				GCC_WARN_UNUSED_VARIABLE = YES;
				IPHONEOS_DEPLOYMENT_TARGET = 10.2;
				MTL_ENABLE_DEBUG_INFO = NO;
				SDKROOT = iphoneos;
				SWIFT_OPTIMIZATION_LEVEL = "-Owholemodule";
				TARGETED_DEVICE_FAMILY = "1,2";
				VALIDATE_PRODUCT = YES;
			};
			name = Release;
		};
		C1447DE01E7B32A400BD631F /* Debug */ = {
			isa = XCBuildConfiguration;
			baseConfigurationReference = 2F580B07AA3359EE14FFFE3C /* Pods-pseudogram.debug.xcconfig */;
			buildSettings = {
				ASSETCATALOG_COMPILER_APPICON_NAME = AppIcon;
				INFOPLIST_FILE = pseudogram/Info.plist;
				LD_RUNPATH_SEARCH_PATHS = "$(inherited) @executable_path/Frameworks";
				PRODUCT_BUNDLE_IDENTIFIER = unknown.pseudogram;
				PRODUCT_NAME = "$(TARGET_NAME)";
				SWIFT_VERSION = 3.0;
			};
			name = Debug;
		};
		C1447DE11E7B32A400BD631F /* Release */ = {
			isa = XCBuildConfiguration;
			baseConfigurationReference = A768F6FB01AAECA4E9691622 /* Pods-pseudogram.release.xcconfig */;
			buildSettings = {
				ASSETCATALOG_COMPILER_APPICON_NAME = AppIcon;
				INFOPLIST_FILE = pseudogram/Info.plist;
				LD_RUNPATH_SEARCH_PATHS = "$(inherited) @executable_path/Frameworks";
				PRODUCT_BUNDLE_IDENTIFIER = unknown.pseudogram;
				PRODUCT_NAME = "$(TARGET_NAME)";
				SWIFT_VERSION = 3.0;
			};
			name = Release;
		};
		C1447DE31E7B32A400BD631F /* Debug */ = {
			isa = XCBuildConfiguration;
			baseConfigurationReference = CC58A63D10ED9B3E776371ED /* Pods-pseudogramTests.debug.xcconfig */;
			buildSettings = {
				ALWAYS_EMBED_SWIFT_STANDARD_LIBRARIES = YES;
				BUNDLE_LOADER = "$(TEST_HOST)";
				INFOPLIST_FILE = pseudogramTests/Info.plist;
				LD_RUNPATH_SEARCH_PATHS = "$(inherited) @executable_path/Frameworks @loader_path/Frameworks";
				PRODUCT_BUNDLE_IDENTIFIER = unknown.pseudogramTests;
				PRODUCT_NAME = "$(TARGET_NAME)";
				SWIFT_VERSION = 3.0;
				TEST_HOST = "$(BUILT_PRODUCTS_DIR)/pseudogram.app/pseudogram";
			};
			name = Debug;
		};
		C1447DE41E7B32A400BD631F /* Release */ = {
			isa = XCBuildConfiguration;
			baseConfigurationReference = 3B3A7E44EDFEE2CA8FD63685 /* Pods-pseudogramTests.release.xcconfig */;
			buildSettings = {
				ALWAYS_EMBED_SWIFT_STANDARD_LIBRARIES = YES;
				BUNDLE_LOADER = "$(TEST_HOST)";
				INFOPLIST_FILE = pseudogramTests/Info.plist;
				LD_RUNPATH_SEARCH_PATHS = "$(inherited) @executable_path/Frameworks @loader_path/Frameworks";
				PRODUCT_BUNDLE_IDENTIFIER = unknown.pseudogramTests;
				PRODUCT_NAME = "$(TARGET_NAME)";
				SWIFT_VERSION = 3.0;
				TEST_HOST = "$(BUILT_PRODUCTS_DIR)/pseudogram.app/pseudogram";
			};
			name = Release;
		};
		C1447DE61E7B32A400BD631F /* Debug */ = {
			isa = XCBuildConfiguration;
			baseConfigurationReference = D01394FC3CB3E6C188CAB597 /* Pods-pseudogramUITests.debug.xcconfig */;
			buildSettings = {
				ALWAYS_EMBED_SWIFT_STANDARD_LIBRARIES = YES;
				INFOPLIST_FILE = pseudogramUITests/Info.plist;
				LD_RUNPATH_SEARCH_PATHS = "$(inherited) @executable_path/Frameworks @loader_path/Frameworks";
				PRODUCT_BUNDLE_IDENTIFIER = unknown.pseudogramUITests;
				PRODUCT_NAME = "$(TARGET_NAME)";
				SWIFT_VERSION = 3.0;
				TEST_TARGET_NAME = pseudogram;
			};
			name = Debug;
		};
		C1447DE71E7B32A400BD631F /* Release */ = {
			isa = XCBuildConfiguration;
			baseConfigurationReference = 9306BA39C7ADB750F2D5D2E1 /* Pods-pseudogramUITests.release.xcconfig */;
			buildSettings = {
				ALWAYS_EMBED_SWIFT_STANDARD_LIBRARIES = YES;
				INFOPLIST_FILE = pseudogramUITests/Info.plist;
				LD_RUNPATH_SEARCH_PATHS = "$(inherited) @executable_path/Frameworks @loader_path/Frameworks";
				PRODUCT_BUNDLE_IDENTIFIER = unknown.pseudogramUITests;
				PRODUCT_NAME = "$(TARGET_NAME)";
				SWIFT_VERSION = 3.0;
				TEST_TARGET_NAME = pseudogram;
			};
			name = Release;
		};
/* End XCBuildConfiguration section */

/* Begin XCConfigurationList section */
		C1447DB21E7B32A300BD631F /* Build configuration list for PBXProject "pseudogram" */ = {
			isa = XCConfigurationList;
			buildConfigurations = (
				C1447DDD1E7B32A400BD631F /* Debug */,
				C1447DDE1E7B32A400BD631F /* Release */,
			);
			defaultConfigurationIsVisible = 0;
			defaultConfigurationName = Release;
		};
		C1447DDF1E7B32A400BD631F /* Build configuration list for PBXNativeTarget "pseudogram" */ = {
			isa = XCConfigurationList;
			buildConfigurations = (
				C1447DE01E7B32A400BD631F /* Debug */,
				C1447DE11E7B32A400BD631F /* Release */,
			);
			defaultConfigurationIsVisible = 0;
			defaultConfigurationName = Release;
		};
		C1447DE21E7B32A400BD631F /* Build configuration list for PBXNativeTarget "pseudogramTests" */ = {
			isa = XCConfigurationList;
			buildConfigurations = (
				C1447DE31E7B32A400BD631F /* Debug */,
				C1447DE41E7B32A400BD631F /* Release */,
			);
			defaultConfigurationIsVisible = 0;
			defaultConfigurationName = Release;
		};
		C1447DE51E7B32A400BD631F /* Build configuration list for PBXNativeTarget "pseudogramUITests" */ = {
			isa = XCConfigurationList;
			buildConfigurations = (
				C1447DE61E7B32A400BD631F /* Debug */,
				C1447DE71E7B32A400BD631F /* Release */,
			);
			defaultConfigurationIsVisible = 0;
			defaultConfigurationName = Release;
		};
/* End XCConfigurationList section */
	};
	rootObject = C1447DAF1E7B32A300BD631F /* Project object */;
}
